
Microsoft Visual Studio Solution File, Format Version 12.00
# Visual Studio Version 17
VisualStudioVersion = 17.14.36401.2 d17.14
MinimumVisualStudioVersion = 10.0.40219.1
Project("{FAE04EC0-301F-11D3-BF4B-00C04F79EFBC}") = "Form1", "Form1\Form1.csproj", "{BE31C940-9764-4F28-9699-A11806CAD2D3}"
EndProject
Project("{FAE04EC0-301F-11D3-BF4B-00C04F79EFBC}") = "Menu", "Menu\Menu.csproj", "{C1A40367-40C3-4F4E-A53B-EA3EFC860C4D}"
EndProject
Project("{FAE04EC0-301F-11D3-BF4B-00C04F79EFBC}") = "Form2", "Form2\Form2.csproj", "{4F245F68-97F9-47F3-9C0B-F3DFFB4861DA}"
EndProject
Project("{FAE04EC0-301F-11D3-BF4B-00C04F79EFBC}") = "Form3", "Form3\Form3.csproj", "{D8BD27DC-1ADD-4873-9FD1-5EA988E90DE1}"
EndProject
Project("{FAE04EC0-301F-11D3-BF4B-00C04F79EFBC}") = "Form4", "Form4\Form4.csproj", "{DF9B2802-9389-4D95-9556-63ACB1955E64}"
EndProject
Global
	GlobalSection(SolutionConfigurationPlatforms) = preSolution
		Debug|Any CPU = Debug|Any CPU
		Release|Any CPU = Release|Any CPU
	EndGlobalSection
	GlobalSection(ProjectConfigurationPlatforms) = postSolution
		{BE31C940-9764-4F28-9699-A11806CAD2D3}.Debug|Any CPU.ActiveCfg = Debug|Any CPU
		{BE31C940-9764-4F28-9699-A11806CAD2D3}.Debug|Any CPU.Build.0 = Debug|Any CPU
		{BE31C940-9764-4F28-9699-A11806CAD2D3}.Release|Any CPU.ActiveCfg = Release|Any CPU
		{BE31C940-9764-4F28-9699-A11806CAD2D3}.Release|Any CPU.Build.0 = Release|Any CPU
		{C1A40367-40C3-4F4E-A53B-EA3EFC860C4D}.Debug|Any CPU.ActiveCfg = Debug|Any CPU
		{C1A40367-40C3-4F4E-A53B-EA3EFC860C4D}.Debug|Any CPU.Build.0 = Debug|Any CPU
		{C1A40367-40C3-4F4E-A53B-EA3EFC860C4D}.Release|Any CPU.ActiveCfg = Release|Any CPU
		{C1A40367-40C3-4F4E-A53B-EA3EFC860C4D}.Release|Any CPU.Build.0 = Release|Any CPU
		{4F245F68-97F9-47F3-9C0B-F3DFFB4861DA}.Debug|Any CPU.ActiveCfg = Debug|Any CPU
		{4F245F68-97F9-47F3-9C0B-F3DFFB4861DA}.Debug|Any CPU.Build.0 = Debug|Any CPU
		{4F245F68-97F9-47F3-9C0B-F3DFFB4861DA}.Release|Any CPU.ActiveCfg = Release|Any CPU
		{4F245F68-97F9-47F3-9C0B-F3DFFB4861DA}.Release|Any CPU.Build.0 = Release|Any CPU
		{D8BD27DC-1ADD-4873-9FD1-5EA988E90DE1}.Debug|Any CPU.ActiveCfg = Debug|Any CPU
		{D8BD27DC-1ADD-4873-9FD1-5EA988E90DE1}.Debug|Any CPU.Build.0 = Debug|Any CPU
		{D8BD27DC-1ADD-4873-9FD1-5EA988E90DE1}.Release|Any CPU.ActiveCfg = Release|Any CPU
		{D8BD27DC-1ADD-4873-9FD1-5EA988E90DE1}.Release|Any CPU.Build.0 = Release|Any CPU
		{DF9B2802-9389-4D95-9556-63ACB1955E64}.Debug|Any CPU.ActiveCfg = Debug|Any CPU
		{DF9B2802-9389-4D95-9556-63ACB1955E64}.Debug|Any CPU.Build.0 = Debug|Any CPU
		{DF9B2802-9389-4D95-9556-63ACB1955E64}.Release|Any CPU.ActiveCfg = Release|Any CPU
		{DF9B2802-9389-4D95-9556-63ACB1955E64}.Release|Any CPU.Build.0 = Release|Any CPU
	EndGlobalSection
	GlobalSection(SolutionProperties) = preSolution
		HideSolutionNode = FALSE
	EndGlobalSection
	GlobalSection(ExtensibilityGlobals) = postSolution
		SolutionGuid = {E9B4BDC2-7771-4736-9C08-AD009A73D60D}
	EndGlobalSection
EndGlobal
