
Microsoft Visual Studio Solution File, Format Version 12.00
# Visual Studio Version 17
VisualStudioVersion = 17.14.36401.2
MinimumVisualStudioVersion = 10.0.40219.1
Project("{FAE04EC0-301F-11D3-BF4B-00C04F79EFBC}") = "Form1", "Form1\Form1.csproj", "{BE31C940-9764-4F28-9699-A11806CAD2D3}"
EndProject
Project("{FAE04EC0-301F-11D3-BF4B-00C04F79EFBC}") = "Menu", "Menu\Menu.csproj", "{C1A40367-40C3-4F4E-A53B-EA3EFC860C4D}"
EndProject
Project("{FAE04EC0-301F-11D3-BF4B-00C04F79EFBC}") = "Form2", "Form2\Form2.csproj", "{4F245F68-97F9-47F3-9C0B-F3DFFB4861DA}"
EndProject
Project("{FAE04EC0-301F-11D3-BF4B-00C04F79EFBC}") = "Form3", "Form3\Form3.csproj", "{D8BD27DC-1ADD-4873-9FD1-5EA988E90DE1}"
EndProject
Project("{FAE04EC0-301F-11D3-BF4B-00C04F79EFBC}") = "Form4", "Form4\Form4.csproj", "{DF9B2802-9389-4D95-9556-63ACB1955E64}"
EndProject
Project("{FAE04EC0-301F-11D3-BF4B-00C04F79EFBC}") = "Form5", "Form5\Form5.csproj", "{7BD68CB6-9607-4C63-AC07-D86AD4C7E6EF}"
EndProject
Project("{FAE04EC0-301F-11D3-BF4B-00C04F79EFBC}") = "Form6", "Form6\Form6.csproj", "{A0DCD256-DCE5-4A73-95CD-FB802A608279}"
EndProject
Project("{FAE04EC0-301F-11D3-BF4B-00C04F79EFBC}") = "Form7", "Form7\Form7.csproj", "{87D4376D-9BDC-4005-BA0A-69C3DA2ECE23}"
EndProject
Project("{FAE04EC0-301F-11D3-BF4B-00C04F79EFBC}") = "Form8", "Form8\Form8.csproj", "{CB68B48D-D4C5-4B0A-AEA4-39F38F95E165}"
EndProject
Project("{FAE04EC0-301F-11D3-BF4B-00C04F79EFBC}") = "Form9", "Form9\Form9.csproj", "{2D05AA95-D7DF-4040-B8C9-D5903A1B9B23}"
EndProject
Global
	GlobalSection(SolutionConfigurationPlatforms) = preSolution
		Debug|Any CPU = Debug|Any CPU
		Release|Any CPU = Release|Any CPU
	EndGlobalSection
	GlobalSection(ProjectConfigurationPlatforms) = postSolution
		{BE31C940-9764-4F28-9699-A11806CAD2D3}.Debug|Any CPU.ActiveCfg = Debug|Any CPU
		{BE31C940-9764-4F28-9699-A11806CAD2D3}.Debug|Any CPU.Build.0 = Debug|Any CPU
		{BE31C940-9764-4F28-9699-A11806CAD2D3}.Release|Any CPU.ActiveCfg = Release|Any CPU
		{BE31C940-9764-4F28-9699-A11806CAD2D3}.Release|Any CPU.Build.0 = Release|Any CPU
		{C1A40367-40C3-4F4E-A53B-EA3EFC860C4D}.Debug|Any CPU.ActiveCfg = Debug|Any CPU
		{C1A40367-40C3-4F4E-A53B-EA3EFC860C4D}.Debug|Any CPU.Build.0 = Debug|Any CPU
		{C1A40367-40C3-4F4E-A53B-EA3EFC860C4D}.Release|Any CPU.ActiveCfg = Release|Any CPU
		{C1A40367-40C3-4F4E-A53B-EA3EFC860C4D}.Release|Any CPU.Build.0 = Release|Any CPU
		{4F245F68-97F9-47F3-9C0B-F3DFFB4861DA}.Debug|Any CPU.ActiveCfg = Debug|Any CPU
		{4F245F68-97F9-47F3-9C0B-F3DFFB4861DA}.Debug|Any CPU.Build.0 = Debug|Any CPU
		{4F245F68-97F9-47F3-9C0B-F3DFFB4861DA}.Release|Any CPU.ActiveCfg = Release|Any CPU
		{4F245F68-97F9-47F3-9C0B-F3DFFB4861DA}.Release|Any CPU.Build.0 = Release|Any CPU
		{D8BD27DC-1ADD-4873-9FD1-5EA988E90DE1}.Debug|Any CPU.ActiveCfg = Debug|Any CPU
		{D8BD27DC-1ADD-4873-9FD1-5EA988E90DE1}.Debug|Any CPU.Build.0 = Debug|Any CPU
		{D8BD27DC-1ADD-4873-9FD1-5EA988E90DE1}.Release|Any CPU.ActiveCfg = Release|Any CPU
		{D8BD27DC-1ADD-4873-9FD1-5EA988E90DE1}.Release|Any CPU.Build.0 = Release|Any CPU
		{DF9B2802-9389-4D95-9556-63ACB1955E64}.Debug|Any CPU.ActiveCfg = Debug|Any CPU
		{DF9B2802-9389-4D95-9556-63ACB1955E64}.Debug|Any CPU.Build.0 = Debug|Any CPU
		{DF9B2802-9389-4D95-9556-63ACB1955E64}.Release|Any CPU.ActiveCfg = Release|Any CPU
		{DF9B2802-9389-4D95-9556-63ACB1955E64}.Release|Any CPU.Build.0 = Release|Any CPU
		{7BD68CB6-9607-4C63-AC07-D86AD4C7E6EF}.Debug|Any CPU.ActiveCfg = Debug|Any CPU
		{7BD68CB6-9607-4C63-AC07-D86AD4C7E6EF}.Debug|Any CPU.Build.0 = Debug|Any CPU
		{7BD68CB6-9607-4C63-AC07-D86AD4C7E6EF}.Release|Any CPU.ActiveCfg = Release|Any CPU
		{7BD68CB6-9607-4C63-AC07-D86AD4C7E6EF}.Release|Any CPU.Build.0 = Release|Any CPU
		{A0DCD256-DCE5-4A73-95CD-FB802A608279}.Debug|Any CPU.ActiveCfg = Debug|Any CPU
		{A0DCD256-DCE5-4A73-95CD-FB802A608279}.Debug|Any CPU.Build.0 = Debug|Any CPU
		{A0DCD256-DCE5-4A73-95CD-FB802A608279}.Release|Any CPU.ActiveCfg = Release|Any CPU
		{A0DCD256-DCE5-4A73-95CD-FB802A608279}.Release|Any CPU.Build.0 = Release|Any CPU
		{87D4376D-9BDC-4005-BA0A-69C3DA2ECE23}.Debug|Any CPU.ActiveCfg = Debug|Any CPU
		{87D4376D-9BDC-4005-BA0A-69C3DA2ECE23}.Debug|Any CPU.Build.0 = Debug|Any CPU
		{87D4376D-9BDC-4005-BA0A-69C3DA2ECE23}.Release|Any CPU.ActiveCfg = Release|Any CPU
		{87D4376D-9BDC-4005-BA0A-69C3DA2ECE23}.Release|Any CPU.Build.0 = Release|Any CPU
		{CB68B48D-D4C5-4B0A-AEA4-39F38F95E165}.Debug|Any CPU.ActiveCfg = Debug|Any CPU
		{CB68B48D-D4C5-4B0A-AEA4-39F38F95E165}.Debug|Any CPU.Build.0 = Debug|Any CPU
		{CB68B48D-D4C5-4B0A-AEA4-39F38F95E165}.Release|Any CPU.ActiveCfg = Release|Any CPU
		{CB68B48D-D4C5-4B0A-AEA4-39F38F95E165}.Release|Any CPU.Build.0 = Release|Any CPU
		{2D05AA95-D7DF-4040-B8C9-D5903A1B9B23}.Debug|Any CPU.ActiveCfg = Debug|Any CPU
		{2D05AA95-D7DF-4040-B8C9-D5903A1B9B23}.Debug|Any CPU.Build.0 = Debug|Any CPU
		{2D05AA95-D7DF-4040-B8C9-D5903A1B9B23}.Release|Any CPU.ActiveCfg = Release|Any CPU
		{2D05AA95-D7DF-4040-B8C9-D5903A1B9B23}.Release|Any CPU.Build.0 = Release|Any CPU
	EndGlobalSection
	GlobalSection(SolutionProperties) = preSolution
		HideSolutionNode = FALSE
	EndGlobalSection
	GlobalSection(ExtensibilityGlobals) = postSolution
		SolutionGuid = {E9B4BDC2-7771-4736-9C08-AD009A73D60D}
	EndGlobalSection
EndGlobal
